
Microsoft Visual Studio Solution File, Format Version 12.00
# Visual Studio Version 16
VisualStudioVersion = 16.0.810.14
MinimumVisualStudioVersion = 10.0.40219.1
Project("{FAE04EC0-301F-11D3-BF4B-00C04F79EFBC}") = "nts_platform_server", "nts_platform_server\nts_platform_server.csproj", "{F807A3F1-228D-43F4-985D-8697DAD5A12F}"
EndProject
Global
	GlobalSection(SolutionConfigurationPlatforms) = preSolution
		Debug|Any CPU = Debug|Any CPU
		Release|Any CPU = Release|Any CPU
	EndGlobalSection
	GlobalSection(ProjectConfigurationPlatforms) = postSolution
		{F807A3F1-228D-43F4-985D-8697DAD5A12F}.Debug|Any CPU.ActiveCfg = Debug|Any CPU
		{F807A3F1-228D-43F4-985D-8697DAD5A12F}.Debug|Any CPU.Build.0 = Debug|Any CPU
		{F807A3F1-228D-43F4-985D-8697DAD5A12F}.Release|Any CPU.ActiveCfg = Release|Any CPU
		{F807A3F1-228D-43F4-985D-8697DAD5A12F}.Release|Any CPU.Build.0 = Release|Any CPU
	EndGlobalSection
	GlobalSection(SolutionProperties) = preSolution
		HideSolutionNode = FALSE
	EndGlobalSection
	GlobalSection(ExtensibilityGlobals) = postSolution
		SolutionGuid = {3ECA2DCF-9D10-4B92-8A56-8589AC0732C7}
	EndGlobalSection
EndGlobal
